
Microsoft Visual Studio Solution File, Format Version 12.00
# Visual Studio Version 16
VisualStudioVersion = 16.0.33130.400
MinimumVisualStudioVersion = 10.0.40219.1
Project("{FAE04EC0-301F-11D3-BF4B-00C04F79EFBC}") = "Tiunov", "Tiunov.csproj", "{D38B57B8-A97E-459C-913D-9942EA6C14E5}"
EndProject
Global
	GlobalSection(SolutionConfigurationPlatforms) = preSolution
		Debug|Any CPU = Debug|Any CPU
		Release|Any CPU = Release|Any CPU
	EndGlobalSection
	GlobalSection(ProjectConfigurationPlatforms) = postSolution
		{D38B57B8-A97E-459C-913D-9942EA6C14E5}.Debug|Any CPU.ActiveCfg = Debug|Any CPU
		{D38B57B8-A97E-459C-913D-9942EA6C14E5}.Debug|Any CPU.Build.0 = Debug|Any CPU
		{D38B57B8-A97E-459C-913D-9942EA6C14E5}.Release|Any CPU.ActiveCfg = Release|Any CPU
		{D38B57B8-A97E-459C-913D-9942EA6C14E5}.Release|Any CPU.Build.0 = Release|Any CPU
	EndGlobalSection
	GlobalSection(SolutionProperties) = preSolution
		HideSolutionNode = FALSE
	EndGlobalSection
	GlobalSection(ExtensibilityGlobals) = postSolution
		SolutionGuid = {139FC33A-6EF1-45DE-B3DF-94CBFE05E560}
	EndGlobalSection
EndGlobal
